
Microsoft Visual Studio Solution File, Format Version 12.00
# Visual Studio Version 17
VisualStudioVersion = 17.5.33530.505
MinimumVisualStudioVersion = 10.0.40219.1
Project("{FAE04EC0-301F-11D3-BF4B-00C04F79EFBC}") = "Sesion7", "Sesion7\Sesion7.csproj", "{DE7E3AAA-A5E7-4DF0-8E26-0DD8B566F927}"
EndProject
Global
	GlobalSection(SolutionConfigurationPlatforms) = preSolution
		Debug|Any CPU = Debug|Any CPU
		Release|Any CPU = Release|Any CPU
	EndGlobalSection
	GlobalSection(ProjectConfigurationPlatforms) = postSolution
		{DE7E3AAA-A5E7-4DF0-8E26-0DD8B566F927}.Debug|Any CPU.ActiveCfg = Debug|Any CPU
		{DE7E3AAA-A5E7-4DF0-8E26-0DD8B566F927}.Debug|Any CPU.Build.0 = Debug|Any CPU
		{DE7E3AAA-A5E7-4DF0-8E26-0DD8B566F927}.Release|Any CPU.ActiveCfg = Release|Any CPU
		{DE7E3AAA-A5E7-4DF0-8E26-0DD8B566F927}.Release|Any CPU.Build.0 = Release|Any CPU
	EndGlobalSection
	GlobalSection(SolutionProperties) = preSolution
		HideSolutionNode = FALSE
	EndGlobalSection
	GlobalSection(ExtensibilityGlobals) = postSolution
		SolutionGuid = {C533F5A8-F410-4115-A4B6-3AB061043BDC}
	EndGlobalSection
EndGlobal
