
Microsoft Visual Studio Solution File, Format Version 12.00
# Visual Studio Version 17
VisualStudioVersion = 17.5.33530.505
MinimumVisualStudioVersion = 10.0.40219.1
Project("{FAE04EC0-301F-11D3-BF4B-00C04F79EFBC}") = "Session3", "Session3\Session3.csproj", "{FB862692-3A67-417E-BC5F-3CE771159BC8}"
EndProject
Global
	GlobalSection(SolutionConfigurationPlatforms) = preSolution
		Debug|Any CPU = Debug|Any CPU
		Release|Any CPU = Release|Any CPU
	EndGlobalSection
	GlobalSection(ProjectConfigurationPlatforms) = postSolution
		{FB862692-3A67-417E-BC5F-3CE771159BC8}.Debug|Any CPU.ActiveCfg = Debug|Any CPU
		{FB862692-3A67-417E-BC5F-3CE771159BC8}.Debug|Any CPU.Build.0 = Debug|Any CPU
		{FB862692-3A67-417E-BC5F-3CE771159BC8}.Release|Any CPU.ActiveCfg = Release|Any CPU
		{FB862692-3A67-417E-BC5F-3CE771159BC8}.Release|Any CPU.Build.0 = Release|Any CPU
	EndGlobalSection
	GlobalSection(SolutionProperties) = preSolution
		HideSolutionNode = FALSE
	EndGlobalSection
	GlobalSection(ExtensibilityGlobals) = postSolution
		SolutionGuid = {0CBBC6B5-EA9E-4F96-AA87-A5CA5CC810AA}
	EndGlobalSection
EndGlobal
