
Microsoft Visual Studio Solution File, Format Version 12.00
# Visual Studio Version 17
VisualStudioVersion = 17.5.33530.505
MinimumVisualStudioVersion = 10.0.40219.1
Project("{FAE04EC0-301F-11D3-BF4B-00C04F79EFBC}") = "Sesion1", "Sesion1\Sesion1.csproj", "{9BFA1EF7-7F40-4526-ACE8-6515E37E673D}"
EndProject
Project("{FAE04EC0-301F-11D3-BF4B-00C04F79EFBC}") = "MiBiblioteca", "MiBiblioteca\MiBiblioteca.csproj", "{E2777EDE-45C3-44C8-B8CB-61F378160A90}"
EndProject
Global
	GlobalSection(SolutionConfigurationPlatforms) = preSolution
		Debug|Any CPU = Debug|Any CPU
		Release|Any CPU = Release|Any CPU
	EndGlobalSection
	GlobalSection(ProjectConfigurationPlatforms) = postSolution
		{9BFA1EF7-7F40-4526-ACE8-6515E37E673D}.Debug|Any CPU.ActiveCfg = Debug|Any CPU
		{9BFA1EF7-7F40-4526-ACE8-6515E37E673D}.Debug|Any CPU.Build.0 = Debug|Any CPU
		{9BFA1EF7-7F40-4526-ACE8-6515E37E673D}.Release|Any CPU.ActiveCfg = Release|Any CPU
		{9BFA1EF7-7F40-4526-ACE8-6515E37E673D}.Release|Any CPU.Build.0 = Release|Any CPU
		{E2777EDE-45C3-44C8-B8CB-61F378160A90}.Debug|Any CPU.ActiveCfg = Debug|Any CPU
		{E2777EDE-45C3-44C8-B8CB-61F378160A90}.Debug|Any CPU.Build.0 = Debug|Any CPU
		{E2777EDE-45C3-44C8-B8CB-61F378160A90}.Release|Any CPU.ActiveCfg = Release|Any CPU
		{E2777EDE-45C3-44C8-B8CB-61F378160A90}.Release|Any CPU.Build.0 = Release|Any CPU
	EndGlobalSection
	GlobalSection(SolutionProperties) = preSolution
		HideSolutionNode = FALSE
	EndGlobalSection
	GlobalSection(ExtensibilityGlobals) = postSolution
		SolutionGuid = {F08FC3F5-6112-4BA0-9524-725C46CE6758}
	EndGlobalSection
EndGlobal
